
Microsoft Visual Studio Solution File, Format Version 12.00
# Visual Studio Version 16
VisualStudioVersion = 16.0.30011.22
MinimumVisualStudioVersion = 10.0.40219.1
Project("{9A19103F-16F7-4668-BE54-9A1E7A4F7556}") = "MusicStream", "MusicStream\MusicStream.csproj", "{5499749B-5B84-42AF-A2AA-C252434AD813}"
EndProject
Global
	GlobalSection(SolutionConfigurationPlatforms) = preSolution
		Debug|Any CPU = Debug|Any CPU
		Release|Any CPU = Release|Any CPU
	EndGlobalSection
	GlobalSection(ProjectConfigurationPlatforms) = postSolution
		{5499749B-5B84-42AF-A2AA-C252434AD813}.Debug|Any CPU.ActiveCfg = Debug|Any CPU
		{5499749B-5B84-42AF-A2AA-C252434AD813}.Debug|Any CPU.Build.0 = Debug|Any CPU
		{5499749B-5B84-42AF-A2AA-C252434AD813}.Release|Any CPU.ActiveCfg = Release|Any CPU
		{5499749B-5B84-42AF-A2AA-C252434AD813}.Release|Any CPU.Build.0 = Release|Any CPU
	EndGlobalSection
	GlobalSection(SolutionProperties) = preSolution
		HideSolutionNode = FALSE
	EndGlobalSection
	GlobalSection(ExtensibilityGlobals) = postSolution
		SolutionGuid = {40783E75-387C-46FA-BE4E-E636C8D5EC7C}
	EndGlobalSection
EndGlobal
